
Microsoft Visual Studio Solution File, Format Version 12.00
# Visual Studio Version 17
VisualStudioVersion = 17.7.34018.315
MinimumVisualStudioVersion = 10.0.40219.1
Project("{9A19103F-16F7-4668-BE54-9A1E7A4F7556}") = "WebApi", "WebApi\WebApi.csproj", "{F803C785-530E-4896-998C-3E5E95C7EA00}"
EndProject
Project("{9A19103F-16F7-4668-BE54-9A1E7A4F7556}") = "Persistence", "Persistence\Persistence.csproj", "{D499BC92-BDB8-4CB6-AB79-71DFEB8BFC81}"
EndProject
Project("{9A19103F-16F7-4668-BE54-9A1E7A4F7556}") = "Domain", "Domain\Domain.csproj", "{A44795D0-0ED3-416E-928B-661340C0CFBB}"
EndProject
Project("{9A19103F-16F7-4668-BE54-9A1E7A4F7556}") = "Application", "Application\Application.csproj", "{E3DC165D-F9B6-426B-93B1-BE615377A34B}"
EndProject
Project("{9A19103F-16F7-4668-BE54-9A1E7A4F7556}") = "Infrastructure", "Infrastructure\Infrastructure.csproj", "{213B00AB-16E3-496B-AAB6-99E334934E99}"
EndProject
Global
	GlobalSection(SolutionConfigurationPlatforms) = preSolution
		Debug|Any CPU = Debug|Any CPU
		Release|Any CPU = Release|Any CPU
	EndGlobalSection
	GlobalSection(ProjectConfigurationPlatforms) = postSolution
		{F803C785-530E-4896-998C-3E5E95C7EA00}.Debug|Any CPU.ActiveCfg = Debug|Any CPU
		{F803C785-530E-4896-998C-3E5E95C7EA00}.Debug|Any CPU.Build.0 = Debug|Any CPU
		{F803C785-530E-4896-998C-3E5E95C7EA00}.Release|Any CPU.ActiveCfg = Release|Any CPU
		{F803C785-530E-4896-998C-3E5E95C7EA00}.Release|Any CPU.Build.0 = Release|Any CPU
		{D499BC92-BDB8-4CB6-AB79-71DFEB8BFC81}.Debug|Any CPU.ActiveCfg = Debug|Any CPU
		{D499BC92-BDB8-4CB6-AB79-71DFEB8BFC81}.Debug|Any CPU.Build.0 = Debug|Any CPU
		{D499BC92-BDB8-4CB6-AB79-71DFEB8BFC81}.Release|Any CPU.ActiveCfg = Release|Any CPU
		{D499BC92-BDB8-4CB6-AB79-71DFEB8BFC81}.Release|Any CPU.Build.0 = Release|Any CPU
		{A44795D0-0ED3-416E-928B-661340C0CFBB}.Debug|Any CPU.ActiveCfg = Debug|Any CPU
		{A44795D0-0ED3-416E-928B-661340C0CFBB}.Debug|Any CPU.Build.0 = Debug|Any CPU
		{A44795D0-0ED3-416E-928B-661340C0CFBB}.Release|Any CPU.ActiveCfg = Release|Any CPU
		{A44795D0-0ED3-416E-928B-661340C0CFBB}.Release|Any CPU.Build.0 = Release|Any CPU
		{E3DC165D-F9B6-426B-93B1-BE615377A34B}.Debug|Any CPU.ActiveCfg = Debug|Any CPU
		{E3DC165D-F9B6-426B-93B1-BE615377A34B}.Debug|Any CPU.Build.0 = Debug|Any CPU
		{E3DC165D-F9B6-426B-93B1-BE615377A34B}.Release|Any CPU.ActiveCfg = Release|Any CPU
		{E3DC165D-F9B6-426B-93B1-BE615377A34B}.Release|Any CPU.Build.0 = Release|Any CPU
		{213B00AB-16E3-496B-AAB6-99E334934E99}.Debug|Any CPU.ActiveCfg = Debug|Any CPU
		{213B00AB-16E3-496B-AAB6-99E334934E99}.Debug|Any CPU.Build.0 = Debug|Any CPU
		{213B00AB-16E3-496B-AAB6-99E334934E99}.Release|Any CPU.ActiveCfg = Release|Any CPU
		{213B00AB-16E3-496B-AAB6-99E334934E99}.Release|Any CPU.Build.0 = Release|Any CPU
	EndGlobalSection
	GlobalSection(SolutionProperties) = preSolution
		HideSolutionNode = FALSE
	EndGlobalSection
	GlobalSection(ExtensibilityGlobals) = postSolution
		SolutionGuid = {30B43DC9-7133-4331-A841-4C88DE967D6D}
	EndGlobalSection
EndGlobal
